{
  "name": "Client",
  "lockfileVersion": 2,
  "requires": true,
  "packages": {
    "": {
      "dependencies": {
        "@devexpress/dx-react-core": "^3.0.2",
        "ag-grid-community": "^27.2.1",
        "ag-grid-react": "^27.2.1",
        "animate.css": "^4.1.1"
      }
    },
    "node_modules/@devexpress/dx-core": {
      "version": "3.0.2",
      "resolved": "https://registry.npmjs.org/@devexpress/dx-core/-/dx-core-3.0.2.tgz",
      "integrity": "sha512-aBs9sAlcrEPd7TkK9T9tcgtBKeC1fSl0Vtuz07e770vh398RPt5Kswn3/284aBltFtgMoNqip0l9PpcFWDgXvg=="
    },
    "node_modules/@devexpress/dx-react-core": {
      "version": "3.0.2",
      "resolved": "https://registry.npmjs.org/@devexpress/dx-react-core/-/dx-react-core-3.0.2.tgz",
      "integrity": "sha512-ISl8Ljw6kR8d+ckOsRmq4om3pjnA/5y4IjH/cf/P6Fnf279AjTUBE8ReqpZum02Zp8n09namrbH8GqQNBXj/Xw==",
      "dependencies": {
        "@devexpress/dx-core": "3.0.2",
        "prop-types": "^15.7.2"
      },
      "peerDependencies": {
        "react": ">=17.0.2",
        "react-dom": ">=17.0.2"
      }
    },
    "node_modules/ag-grid-community": {
      "version": "27.2.1",
      "resolved": "https://registry.npmjs.org/ag-grid-community/-/ag-grid-community-27.2.1.tgz",
      "integrity": "sha512-MCnbqZHVDvd6KNRx1g6vjuz/X9tE8YUV7kaWKpRupFF1M1fPsAt+CqkfOr3X2ybOooorYao3Z/GGskRlGaHlFQ=="
    },
    "node_modules/ag-grid-react": {
      "version": "27.2.1",
      "resolved": "https://registry.npmjs.org/ag-grid-react/-/ag-grid-react-27.2.1.tgz",
      "integrity": "sha512-MWYhi16CHltIojdnHjPp6U5TPsHQHVtX+gJqhEwNM7h55Iwe9NPFfoypBwz9kEyR7dSIL8pvMZ5O/nEeBBoxWA==",
      "dependencies": {
        "prop-types": "^15.8.1"
      },
      "peerDependencies": {
        "ag-grid-community": "~27.2.0",
        "react": "^16.3.0 || ^17.0.0 || ^18.0.0",
        "react-dom": "^16.3.0 || ^17.0.0 || ^18.0.0"
      }
    },
    "node_modules/animate.css": {
      "version": "4.1.1",
      "resolved": "https://registry.npmjs.org/animate.css/-/animate.css-4.1.1.tgz",
      "integrity": "sha512-+mRmCTv6SbCmtYJCN4faJMNFVNN5EuCTTprDTAo7YzIGji2KADmakjVA3+8mVDkZ2Bf09vayB35lSQIex2+QaQ=="
    },
    "node_modules/js-tokens": {
      "version": "4.0.0",
      "resolved": "https://registry.npmjs.org/js-tokens/-/js-tokens-4.0.0.tgz",
      "integrity": "sha512-RdJUflcE3cUzKiMqQgsCu06FPu9UdIJO0beYbPhHN4k6apgJtifcoCtT9bcxOpYBtpD2kCM6Sbzg4CausW/PKQ=="
    },
    "node_modules/loose-envify": {
      "version": "1.4.0",
      "resolved": "https://registry.npmjs.org/loose-envify/-/loose-envify-1.4.0.tgz",
      "integrity": "sha512-lyuxPGr/Wfhrlem2CL/UcnUc1zcqKAImBDzukY7Y5F/yQiNdko6+fRLevlw1HgMySw7f611UIY408EtxRSoK3Q==",
      "dependencies": {
        "js-tokens": "^3.0.0 || ^4.0.0"
      },
      "bin": {
        "loose-envify": "cli.js"
      }
    },
    "node_modules/object-assign": {
      "version": "4.1.1",
      "resolved": "https://registry.npmjs.org/object-assign/-/object-assign-4.1.1.tgz",
      "integrity": "sha1-IQmtx5ZYh8/AXLvUQsrIv7s2CGM=",
      "engines": {
        "node": ">=0.10.0"
      }
    },
    "node_modules/prop-types": {
      "version": "15.8.1",
      "resolved": "https://registry.npmjs.org/prop-types/-/prop-types-15.8.1.tgz",
      "integrity": "sha512-oj87CgZICdulUohogVAR7AjlC0327U4el4L6eAvOqCeudMDVU0NThNaV+b9Df4dXgSP1gXMTnPdhfe/2qDH5cg==",
      "dependencies": {
        "loose-envify": "^1.4.0",
        "object-assign": "^4.1.1",
        "react-is": "^16.13.1"
      }
    },
    "node_modules/react": {
      "version": "17.0.2",
      "resolved": "https://registry.npmjs.org/react/-/react-17.0.2.tgz",
      "integrity": "sha512-gnhPt75i/dq/z3/6q/0asP78D0u592D5L1pd7M8P+dck6Fu/jJeL6iVVK23fptSUZj8Vjf++7wXA8UNclGQcbA==",
      "peer": true,
      "dependencies": {
        "loose-envify": "^1.1.0",
        "object-assign": "^4.1.1"
      },
      "engines": {
        "node": ">=0.10.0"
      }
    },
    "node_modules/react-dom": {
      "version": "17.0.2",
      "resolved": "https://registry.npmjs.org/react-dom/-/react-dom-17.0.2.tgz",
      "integrity": "sha512-s4h96KtLDUQlsENhMn1ar8t2bEa+q/YAtj8pPPdIjPDGBDIVNsrD9aXNWqspUe6AzKCIG0C1HZZLqLV7qpOBGA==",
      "peer": true,
      "dependencies": {
        "loose-envify": "^1.1.0",
        "object-assign": "^4.1.1",
        "scheduler": "^0.20.2"
      },
      "peerDependencies": {
        "react": "17.0.2"
      }
    },
    "node_modules/react-is": {
      "version": "16.13.1",
      "resolved": "https://registry.npmjs.org/react-is/-/react-is-16.13.1.tgz",
      "integrity": "sha512-24e6ynE2H+OKt4kqsOvNd8kBpV65zoxbA4BVsEOB3ARVWQki/DHzaUoC5KuON/BiccDaCCTZBuOcfZs70kR8bQ=="
    },
    "node_modules/scheduler": {
      "version": "0.20.2",
      "resolved": "https://registry.npmjs.org/scheduler/-/scheduler-0.20.2.tgz",
      "integrity": "sha512-2eWfGgAqqWFGqtdMmcL5zCMK1U8KlXv8SQFGglL3CEtd0aDVDWgeF/YoCmvln55m5zSk3J/20hTaSBeSObsQDQ==",
      "peer": true,
      "dependencies": {
        "loose-envify": "^1.1.0",
        "object-assign": "^4.1.1"
      }
    }
  },
  "dependencies": {
    "@devexpress/dx-core": {
      "version": "3.0.2",
      "resolved": "https://registry.npmjs.org/@devexpress/dx-core/-/dx-core-3.0.2.tgz",
      "integrity": "sha512-aBs9sAlcrEPd7TkK9T9tcgtBKeC1fSl0Vtuz07e770vh398RPt5Kswn3/284aBltFtgMoNqip0l9PpcFWDgXvg=="
    },
    "@devexpress/dx-react-core": {
      "version": "3.0.2",
      "resolved": "https://registry.npmjs.org/@devexpress/dx-react-core/-/dx-react-core-3.0.2.tgz",
      "integrity": "sha512-ISl8Ljw6kR8d+ckOsRmq4om3pjnA/5y4IjH/cf/P6Fnf279AjTUBE8ReqpZum02Zp8n09namrbH8GqQNBXj/Xw==",
      "requires": {
        "@devexpress/dx-core": "3.0.2",
        "prop-types": "^15.7.2"
      }
    },
    "ag-grid-community": {
      "version": "27.2.1",
      "resolved": "https://registry.npmjs.org/ag-grid-community/-/ag-grid-community-27.2.1.tgz",
      "integrity": "sha512-MCnbqZHVDvd6KNRx1g6vjuz/X9tE8YUV7kaWKpRupFF1M1fPsAt+CqkfOr3X2ybOooorYao3Z/GGskRlGaHlFQ=="
    },
    "ag-grid-react": {
      "version": "27.2.1",
      "resolved": "https://registry.npmjs.org/ag-grid-react/-/ag-grid-react-27.2.1.tgz",
      "integrity": "sha512-MWYhi16CHltIojdnHjPp6U5TPsHQHVtX+gJqhEwNM7h55Iwe9NPFfoypBwz9kEyR7dSIL8pvMZ5O/nEeBBoxWA==",
      "requires": {
        "prop-types": "^15.8.1"
      }
    },
    "animate.css": {
      "version": "4.1.1",
      "resolved": "https://registry.npmjs.org/animate.css/-/animate.css-4.1.1.tgz",
      "integrity": "sha512-+mRmCTv6SbCmtYJCN4faJMNFVNN5EuCTTprDTAo7YzIGji2KADmakjVA3+8mVDkZ2Bf09vayB35lSQIex2+QaQ=="
    },
    "js-tokens": {
      "version": "4.0.0",
      "resolved": "https://registry.npmjs.org/js-tokens/-/js-tokens-4.0.0.tgz",
      "integrity": "sha512-RdJUflcE3cUzKiMqQgsCu06FPu9UdIJO0beYbPhHN4k6apgJtifcoCtT9bcxOpYBtpD2kCM6Sbzg4CausW/PKQ=="
    },
    "loose-envify": {
      "version": "1.4.0",
      "resolved": "https://registry.npmjs.org/loose-envify/-/loose-envify-1.4.0.tgz",
      "integrity": "sha512-lyuxPGr/Wfhrlem2CL/UcnUc1zcqKAImBDzukY7Y5F/yQiNdko6+fRLevlw1HgMySw7f611UIY408EtxRSoK3Q==",
      "requires": {
        "js-tokens": "^3.0.0 || ^4.0.0"
      }
    },
    "object-assign": {
      "version": "4.1.1",
      "resolved": "https://registry.npmjs.org/object-assign/-/object-assign-4.1.1.tgz",
      "integrity": "sha1-IQmtx5ZYh8/AXLvUQsrIv7s2CGM="
    },
    "prop-types": {
      "version": "15.8.1",
      "resolved": "https://registry.npmjs.org/prop-types/-/prop-types-15.8.1.tgz",
      "integrity": "sha512-oj87CgZICdulUohogVAR7AjlC0327U4el4L6eAvOqCeudMDVU0NThNaV+b9Df4dXgSP1gXMTnPdhfe/2qDH5cg==",
      "requires": {
        "loose-envify": "^1.4.0",
        "object-assign": "^4.1.1",
        "react-is": "^16.13.1"
      }
    },
    "react": {
      "version": "17.0.2",
      "resolved": "https://registry.npmjs.org/react/-/react-17.0.2.tgz",
      "integrity": "sha512-gnhPt75i/dq/z3/6q/0asP78D0u592D5L1pd7M8P+dck6Fu/jJeL6iVVK23fptSUZj8Vjf++7wXA8UNclGQcbA==",
      "peer": true,
      "requires": {
        "loose-envify": "^1.1.0",
        "object-assign": "^4.1.1"
      }
    },
    "react-dom": {
      "version": "17.0.2",
      "resolved": "https://registry.npmjs.org/react-dom/-/react-dom-17.0.2.tgz",
      "integrity": "sha512-s4h96KtLDUQlsENhMn1ar8t2bEa+q/YAtj8pPPdIjPDGBDIVNsrD9aXNWqspUe6AzKCIG0C1HZZLqLV7qpOBGA==",
      "peer": true,
      "requires": {
        "loose-envify": "^1.1.0",
        "object-assign": "^4.1.1",
        "scheduler": "^0.20.2"
      }
    },
    "react-is": {
      "version": "16.13.1",
      "resolved": "https://registry.npmjs.org/react-is/-/react-is-16.13.1.tgz",
      "integrity": "sha512-24e6ynE2H+OKt4kqsOvNd8kBpV65zoxbA4BVsEOB3ARVWQki/DHzaUoC5KuON/BiccDaCCTZBuOcfZs70kR8bQ=="
    },
    "scheduler": {
      "version": "0.20.2",
      "resolved": "https://registry.npmjs.org/scheduler/-/scheduler-0.20.2.tgz",
      "integrity": "sha512-2eWfGgAqqWFGqtdMmcL5zCMK1U8KlXv8SQFGglL3CEtd0aDVDWgeF/YoCmvln55m5zSk3J/20hTaSBeSObsQDQ==",
      "peer": true,
      "requires": {
        "loose-envify": "^1.1.0",
        "object-assign": "^4.1.1"
      }
    }
  }
}
