{
  "name": "Client",
  "lockfileVersion": 2,
  "requires": true,
  "packages": {
    "": {
      "dependencies": {
        "@devexpress/dx-react-core": "^3.0.2",
        "@devexpress/dx-react-grid": "^3.0.2"
      }
    },
    "node_modules/@devexpress/dx-core": {
      "version": "3.0.2",
      "resolved": "https://registry.npmjs.org/@devexpress/dx-core/-/dx-core-3.0.2.tgz",
      "integrity": "sha512-aBs9sAlcrEPd7TkK9T9tcgtBKeC1fSl0Vtuz07e770vh398RPt5Kswn3/284aBltFtgMoNqip0l9PpcFWDgXvg=="
    },
    "node_modules/@devexpress/dx-grid-core": {
      "version": "3.0.2",
      "resolved": "https://registry.npmjs.org/@devexpress/dx-grid-core/-/dx-grid-core-3.0.2.tgz",
      "integrity": "sha512-v1S6Jj09V2q490N4AEvsBwppPztCaxPpddJd/ptYgksY7dodCh6mLPUjs3gPWECDRBdfodiXJC3z5Ma0pNodGw==",
      "peerDependencies": {
        "@devexpress/dx-core": "3.0.2"
      }
    },
    "node_modules/@devexpress/dx-react-core": {
      "version": "3.0.2",
      "resolved": "https://registry.npmjs.org/@devexpress/dx-react-core/-/dx-react-core-3.0.2.tgz",
      "integrity": "sha512-ISl8Ljw6kR8d+ckOsRmq4om3pjnA/5y4IjH/cf/P6Fnf279AjTUBE8ReqpZum02Zp8n09namrbH8GqQNBXj/Xw==",
      "dependencies": {
        "@devexpress/dx-core": "3.0.2",
        "prop-types": "^15.7.2"
      },
      "peerDependencies": {
        "react": ">=17.0.2",
        "react-dom": ">=17.0.2"
      }
    },
    "node_modules/@devexpress/dx-react-grid": {
      "version": "3.0.2",
      "resolved": "https://registry.npmjs.org/@devexpress/dx-react-grid/-/dx-react-grid-3.0.2.tgz",
      "integrity": "sha512-56taRcVqYDsDakXWHTRuZo3KpllNATbanV/qXtwjaZlUMcj3TAuLRsL2Rfnms9Dp1qJpZAKrp+nXy7gCuZbeSw==",
      "dependencies": {
        "@devexpress/dx-grid-core": "3.0.2"
      },
      "peerDependencies": {
        "@devexpress/dx-core": "3.0.2",
        "@devexpress/dx-react-core": "3.0.2",
        "react": ">=17.0.2",
        "react-dom": ">=17.0.2"
      }
    },
    "node_modules/js-tokens": {
      "version": "4.0.0",
      "resolved": "https://registry.npmjs.org/js-tokens/-/js-tokens-4.0.0.tgz",
      "integrity": "sha512-RdJUflcE3cUzKiMqQgsCu06FPu9UdIJO0beYbPhHN4k6apgJtifcoCtT9bcxOpYBtpD2kCM6Sbzg4CausW/PKQ=="
    },
    "node_modules/loose-envify": {
      "version": "1.4.0",
      "resolved": "https://registry.npmjs.org/loose-envify/-/loose-envify-1.4.0.tgz",
      "integrity": "sha512-lyuxPGr/Wfhrlem2CL/UcnUc1zcqKAImBDzukY7Y5F/yQiNdko6+fRLevlw1HgMySw7f611UIY408EtxRSoK3Q==",
      "dependencies": {
        "js-tokens": "^3.0.0 || ^4.0.0"
      },
      "bin": {
        "loose-envify": "cli.js"
      }
    },
    "node_modules/object-assign": {
      "version": "4.1.1",
      "resolved": "https://registry.npmjs.org/object-assign/-/object-assign-4.1.1.tgz",
      "integrity": "sha1-IQmtx5ZYh8/AXLvUQsrIv7s2CGM=",
      "engines": {
        "node": ">=0.10.0"
      }
    },
    "node_modules/prop-types": {
      "version": "15.8.1",
      "resolved": "https://registry.npmjs.org/prop-types/-/prop-types-15.8.1.tgz",
      "integrity": "sha512-oj87CgZICdulUohogVAR7AjlC0327U4el4L6eAvOqCeudMDVU0NThNaV+b9Df4dXgSP1gXMTnPdhfe/2qDH5cg==",
      "dependencies": {
        "loose-envify": "^1.4.0",
        "object-assign": "^4.1.1",
        "react-is": "^16.13.1"
      }
    },
    "node_modules/react": {
      "version": "18.1.0",
      "resolved": "https://registry.npmjs.org/react/-/react-18.1.0.tgz",
      "integrity": "sha512-4oL8ivCz5ZEPyclFQXaNksK3adutVS8l2xzZU0cqEFrE9Sb7fC0EFK5uEk74wIreL1DERyjvsU915j1pcT2uEQ==",
      "peer": true,
      "dependencies": {
        "loose-envify": "^1.1.0"
      },
      "engines": {
        "node": ">=0.10.0"
      }
    },
    "node_modules/react-dom": {
      "version": "18.1.0",
      "resolved": "https://registry.npmjs.org/react-dom/-/react-dom-18.1.0.tgz",
      "integrity": "sha512-fU1Txz7Budmvamp7bshe4Zi32d0ll7ect+ccxNu9FlObT605GOEB8BfO4tmRJ39R5Zj831VCpvQ05QPBW5yb+w==",
      "peer": true,
      "dependencies": {
        "loose-envify": "^1.1.0",
        "scheduler": "^0.22.0"
      },
      "peerDependencies": {
        "react": "^18.1.0"
      }
    },
    "node_modules/react-is": {
      "version": "16.13.1",
      "resolved": "https://registry.npmjs.org/react-is/-/react-is-16.13.1.tgz",
      "integrity": "sha512-24e6ynE2H+OKt4kqsOvNd8kBpV65zoxbA4BVsEOB3ARVWQki/DHzaUoC5KuON/BiccDaCCTZBuOcfZs70kR8bQ=="
    },
    "node_modules/scheduler": {
      "version": "0.22.0",
      "resolved": "https://registry.npmjs.org/scheduler/-/scheduler-0.22.0.tgz",
      "integrity": "sha512-6QAm1BgQI88NPYymgGQLCZgvep4FyePDWFpXVK+zNSUgHwlqpJy8VEh8Et0KxTACS4VWwMousBElAZOH9nkkoQ==",
      "peer": true,
      "dependencies": {
        "loose-envify": "^1.1.0"
      }
    }
  },
  "dependencies": {
    "@devexpress/dx-core": {
      "version": "3.0.2",
      "resolved": "https://registry.npmjs.org/@devexpress/dx-core/-/dx-core-3.0.2.tgz",
      "integrity": "sha512-aBs9sAlcrEPd7TkK9T9tcgtBKeC1fSl0Vtuz07e770vh398RPt5Kswn3/284aBltFtgMoNqip0l9PpcFWDgXvg=="
    },
    "@devexpress/dx-grid-core": {
      "version": "3.0.2",
      "resolved": "https://registry.npmjs.org/@devexpress/dx-grid-core/-/dx-grid-core-3.0.2.tgz",
      "integrity": "sha512-v1S6Jj09V2q490N4AEvsBwppPztCaxPpddJd/ptYgksY7dodCh6mLPUjs3gPWECDRBdfodiXJC3z5Ma0pNodGw==",
      "requires": {}
    },
    "@devexpress/dx-react-core": {
      "version": "3.0.2",
      "resolved": "https://registry.npmjs.org/@devexpress/dx-react-core/-/dx-react-core-3.0.2.tgz",
      "integrity": "sha512-ISl8Ljw6kR8d+ckOsRmq4om3pjnA/5y4IjH/cf/P6Fnf279AjTUBE8ReqpZum02Zp8n09namrbH8GqQNBXj/Xw==",
      "requires": {
        "@devexpress/dx-core": "3.0.2",
        "prop-types": "^15.7.2"
      }
    },
    "@devexpress/dx-react-grid": {
      "version": "3.0.2",
      "resolved": "https://registry.npmjs.org/@devexpress/dx-react-grid/-/dx-react-grid-3.0.2.tgz",
      "integrity": "sha512-56taRcVqYDsDakXWHTRuZo3KpllNATbanV/qXtwjaZlUMcj3TAuLRsL2Rfnms9Dp1qJpZAKrp+nXy7gCuZbeSw==",
      "requires": {
        "@devexpress/dx-grid-core": "3.0.2"
      }
    },
    "js-tokens": {
      "version": "4.0.0",
      "resolved": "https://registry.npmjs.org/js-tokens/-/js-tokens-4.0.0.tgz",
      "integrity": "sha512-RdJUflcE3cUzKiMqQgsCu06FPu9UdIJO0beYbPhHN4k6apgJtifcoCtT9bcxOpYBtpD2kCM6Sbzg4CausW/PKQ=="
    },
    "loose-envify": {
      "version": "1.4.0",
      "resolved": "https://registry.npmjs.org/loose-envify/-/loose-envify-1.4.0.tgz",
      "integrity": "sha512-lyuxPGr/Wfhrlem2CL/UcnUc1zcqKAImBDzukY7Y5F/yQiNdko6+fRLevlw1HgMySw7f611UIY408EtxRSoK3Q==",
      "requires": {
        "js-tokens": "^3.0.0 || ^4.0.0"
      }
    },
    "object-assign": {
      "version": "4.1.1",
      "resolved": "https://registry.npmjs.org/object-assign/-/object-assign-4.1.1.tgz",
      "integrity": "sha1-IQmtx5ZYh8/AXLvUQsrIv7s2CGM="
    },
    "prop-types": {
      "version": "15.8.1",
      "resolved": "https://registry.npmjs.org/prop-types/-/prop-types-15.8.1.tgz",
      "integrity": "sha512-oj87CgZICdulUohogVAR7AjlC0327U4el4L6eAvOqCeudMDVU0NThNaV+b9Df4dXgSP1gXMTnPdhfe/2qDH5cg==",
      "requires": {
        "loose-envify": "^1.4.0",
        "object-assign": "^4.1.1",
        "react-is": "^16.13.1"
      }
    },
    "react": {
      "version": "18.1.0",
      "resolved": "https://registry.npmjs.org/react/-/react-18.1.0.tgz",
      "integrity": "sha512-4oL8ivCz5ZEPyclFQXaNksK3adutVS8l2xzZU0cqEFrE9Sb7fC0EFK5uEk74wIreL1DERyjvsU915j1pcT2uEQ==",
      "peer": true,
      "requires": {
        "loose-envify": "^1.1.0"
      }
    },
    "react-dom": {
      "version": "18.1.0",
      "resolved": "https://registry.npmjs.org/react-dom/-/react-dom-18.1.0.tgz",
      "integrity": "sha512-fU1Txz7Budmvamp7bshe4Zi32d0ll7ect+ccxNu9FlObT605GOEB8BfO4tmRJ39R5Zj831VCpvQ05QPBW5yb+w==",
      "peer": true,
      "requires": {
        "loose-envify": "^1.1.0",
        "scheduler": "^0.22.0"
      }
    },
    "react-is": {
      "version": "16.13.1",
      "resolved": "https://registry.npmjs.org/react-is/-/react-is-16.13.1.tgz",
      "integrity": "sha512-24e6ynE2H+OKt4kqsOvNd8kBpV65zoxbA4BVsEOB3ARVWQki/DHzaUoC5KuON/BiccDaCCTZBuOcfZs70kR8bQ=="
    },
    "scheduler": {
      "version": "0.22.0",
      "resolved": "https://registry.npmjs.org/scheduler/-/scheduler-0.22.0.tgz",
      "integrity": "sha512-6QAm1BgQI88NPYymgGQLCZgvep4FyePDWFpXVK+zNSUgHwlqpJy8VEh8Et0KxTACS4VWwMousBElAZOH9nkkoQ==",
      "peer": true,
      "requires": {
        "loose-envify": "^1.1.0"
      }
    }
  }
}
